
Microsoft Visual Studio Solution File, Format Version 12.00
# Visual Studio Version 17
VisualStudioVersion = 17.8.34525.116
MinimumVisualStudioVersion = 10.0.40219.1
Project("{FAE04EC0-301F-11D3-BF4B-00C04F79EFBC}") = "MiracleLandCrossPlatform", "MiracleLandCrossPlatform\MiracleLandCrossPlatform.csproj", "{57BFB50B-368A-4092-A24F-C601D53F186B}"
EndProject
Global
	GlobalSection(SolutionConfigurationPlatforms) = preSolution
		Debug|Any CPU = Debug|Any CPU
		Release|Any CPU = Release|Any CPU
	EndGlobalSection
	GlobalSection(ProjectConfigurationPlatforms) = postSolution
		{57BFB50B-368A-4092-A24F-C601D53F186B}.Debug|Any CPU.ActiveCfg = Debug|Any CPU
		{57BFB50B-368A-4092-A24F-C601D53F186B}.Debug|Any CPU.Build.0 = Debug|Any CPU
		{57BFB50B-368A-4092-A24F-C601D53F186B}.Debug|Any CPU.Deploy.0 = Debug|Any CPU
		{57BFB50B-368A-4092-A24F-C601D53F186B}.Release|Any CPU.ActiveCfg = Release|Any CPU
		{57BFB50B-368A-4092-A24F-C601D53F186B}.Release|Any CPU.Build.0 = Release|Any CPU
		{57BFB50B-368A-4092-A24F-C601D53F186B}.Release|Any CPU.Deploy.0 = Release|Any CPU
	EndGlobalSection
	GlobalSection(SolutionProperties) = preSolution
		HideSolutionNode = FALSE
	EndGlobalSection
	GlobalSection(ExtensibilityGlobals) = postSolution
		SolutionGuid = {9452748A-2EA6-4733-A28F-8F0B4C629D76}
	EndGlobalSection
EndGlobal
